// !$*UTF8*$!
{
	archiveVersion = 1;
	classes = {
	};
	objectVersion = 56;
	objects = {

/* Begin PBXBuildFile section */
		DB9112E82AB69792009FD902 /* AppDelegate.swift in Sources */ = {isa = PBXBuildFile; fileRef = DB9112E72AB69792009FD902 /* AppDelegate.swift */; };
		DB9112EA2AB69792009FD902 /* ViewController.swift in Sources */ = {isa = PBXBuildFile; fileRef = DB9112E92AB69792009FD902 /* ViewController.swift */; };
		DB9112EC2AB69793009FD902 /* Assets.xcassets in Resources */ = {isa = PBXBuildFile; fileRef = DB9112EB2AB69793009FD902 /* Assets.xcassets */; };
		DB9112FA2AB69793009FD902 /* SpotlightNotesTests.swift in Sources */ = {isa = PBXBuildFile; fileRef = DB9112F92AB69793009FD902 /* SpotlightNotesTests.swift */; };
		DB9113042AB69793009FD902 /* SpotlightNotesUITests.swift in Sources */ = {isa = PBXBuildFile; fileRef = DB9113032AB69793009FD902 /* SpotlightNotesUITests.swift */; };
		DB9113062AB69793009FD902 /* SpotlightNotesUITestsLaunchTests.swift in Sources */ = {isa = PBXBuildFile; fileRef = DB9113052AB69793009FD902 /* SpotlightNotesUITestsLaunchTests.swift */; };
		DB9113132AB69B29009FD902 /* main.swift in Sources */ = {isa = PBXBuildFile; fileRef = DB9113122AB69B29009FD902 /* main.swift */; };
		DB9113162AB69FA6009FD902 /* KeyboardShortcuts in Frameworks */ = {isa = PBXBuildFile; productRef = DB9113152AB69FA6009FD902 /* KeyboardShortcuts */; };
		DB956AF42ABE895400AE4A25 /* NotesWindow.swift in Sources */ = {isa = PBXBuildFile; fileRef = DB956AF32ABE895400AE4A25 /* NotesWindow.swift */; };
/* End PBXBuildFile section */

/* Begin PBXContainerItemProxy section */
		DB9112F62AB69793009FD902 /* PBXContainerItemProxy */ = {
			isa = PBXContainerItemProxy;
			containerPortal = DB9112DC2AB69792009FD902 /* Project object */;
			proxyType = 1;
			remoteGlobalIDString = DB9112E32AB69792009FD902;
			remoteInfo = SpotlightNotes;
		};
		DB9113002AB69793009FD902 /* PBXContainerItemProxy */ = {
			isa = PBXContainerItemProxy;
			containerPortal = DB9112DC2AB69792009FD902 /* Project object */;
			proxyType = 1;
			remoteGlobalIDString = DB9112E32AB69792009FD902;
			remoteInfo = SpotlightNotes;
		};
/* End PBXContainerItemProxy section */

/* Begin PBXFileReference section */
		DB9112E42AB69792009FD902 /* SpotlightNotes.app */ = {isa = PBXFileReference; explicitFileType = wrapper.application; includeInIndex = 0; path = SpotlightNotes.app; sourceTree = BUILT_PRODUCTS_DIR; };
		DB9112E72AB69792009FD902 /* AppDelegate.swift */ = {isa = PBXFileReference; lastKnownFileType = sourcecode.swift; path = AppDelegate.swift; sourceTree = "<group>"; };
		DB9112E92AB69792009FD902 /* ViewController.swift */ = {isa = PBXFileReference; lastKnownFileType = sourcecode.swift; path = ViewController.swift; sourceTree = "<group>"; };
		DB9112EB2AB69793009FD902 /* Assets.xcassets */ = {isa = PBXFileReference; lastKnownFileType = folder.assetcatalog; path = Assets.xcassets; sourceTree = "<group>"; };
		DB9112F02AB69793009FD902 /* SpotlightNotes.entitlements */ = {isa = PBXFileReference; lastKnownFileType = text.plist.entitlements; path = SpotlightNotes.entitlements; sourceTree = "<group>"; };
		DB9112F52AB69793009FD902 /* SpotlightNotesTests.xctest */ = {isa = PBXFileReference; explicitFileType = wrapper.cfbundle; includeInIndex = 0; path = SpotlightNotesTests.xctest; sourceTree = BUILT_PRODUCTS_DIR; };
		DB9112F92AB69793009FD902 /* SpotlightNotesTests.swift */ = {isa = PBXFileReference; lastKnownFileType = sourcecode.swift; path = SpotlightNotesTests.swift; sourceTree = "<group>"; };
		DB9112FF2AB69793009FD902 /* SpotlightNotesUITests.xctest */ = {isa = PBXFileReference; explicitFileType = wrapper.cfbundle; includeInIndex = 0; path = SpotlightNotesUITests.xctest; sourceTree = BUILT_PRODUCTS_DIR; };
		DB9113032AB69793009FD902 /* SpotlightNotesUITests.swift */ = {isa = PBXFileReference; lastKnownFileType = sourcecode.swift; path = SpotlightNotesUITests.swift; sourceTree = "<group>"; };
		DB9113052AB69793009FD902 /* SpotlightNotesUITestsLaunchTests.swift */ = {isa = PBXFileReference; lastKnownFileType = sourcecode.swift; path = SpotlightNotesUITestsLaunchTests.swift; sourceTree = "<group>"; };
		DB9113122AB69B29009FD902 /* main.swift */ = {isa = PBXFileReference; lastKnownFileType = sourcecode.swift; path = main.swift; sourceTree = "<group>"; };
		DB956AF32ABE895400AE4A25 /* NotesWindow.swift */ = {isa = PBXFileReference; lastKnownFileType = sourcecode.swift; path = NotesWindow.swift; sourceTree = "<group>"; };
/* End PBXFileReference section */

/* Begin PBXFrameworksBuildPhase section */
		DB9112E12AB69792009FD902 /* Frameworks */ = {
			isa = PBXFrameworksBuildPhase;
			buildActionMask = 2147483647;
			files = (
				DB9113162AB69FA6009FD902 /* KeyboardShortcuts in Frameworks */,
			);
			runOnlyForDeploymentPostprocessing = 0;
		};
		DB9112F22AB69793009FD902 /* Frameworks */ = {
			isa = PBXFrameworksBuildPhase;
			buildActionMask = 2147483647;
			files = (
			);
			runOnlyForDeploymentPostprocessing = 0;
		};
		DB9112FC2AB69793009FD902 /* Frameworks */ = {
			isa = PBXFrameworksBuildPhase;
			buildActionMask = 2147483647;
			files = (
			);
			runOnlyForDeploymentPostprocessing = 0;
		};
/* End PBXFrameworksBuildPhase section */

/* Begin PBXGroup section */
		DB9112DB2AB69792009FD902 = {
			isa = PBXGroup;
			children = (
				DB9112E62AB69792009FD902 /* SpotlightNotes */,
				DB9112F82AB69793009FD902 /* SpotlightNotesTests */,
				DB9113022AB69793009FD902 /* SpotlightNotesUITests */,
				DB9112E52AB69792009FD902 /* Products */,
			);
			sourceTree = "<group>";
		};
		DB9112E52AB69792009FD902 /* Products */ = {
			isa = PBXGroup;
			children = (
				DB9112E42AB69792009FD902 /* SpotlightNotes.app */,
				DB9112F52AB69793009FD902 /* SpotlightNotesTests.xctest */,
				DB9112FF2AB69793009FD902 /* SpotlightNotesUITests.xctest */,
			);
			name = Products;
			sourceTree = "<group>";
		};
		DB9112E62AB69792009FD902 /* SpotlightNotes */ = {
			isa = PBXGroup;
			children = (
				DB9112E72AB69792009FD902 /* AppDelegate.swift */,
				DB9112E92AB69792009FD902 /* ViewController.swift */,
				DB9112EB2AB69793009FD902 /* Assets.xcassets */,
				DB9112F02AB69793009FD902 /* SpotlightNotes.entitlements */,
				DB9113122AB69B29009FD902 /* main.swift */,
				DB956AF32ABE895400AE4A25 /* NotesWindow.swift */,
			);
			path = SpotlightNotes;
			sourceTree = "<group>";
		};
		DB9112F82AB69793009FD902 /* SpotlightNotesTests */ = {
			isa = PBXGroup;
			children = (
				DB9112F92AB69793009FD902 /* SpotlightNotesTests.swift */,
			);
			path = SpotlightNotesTests;
			sourceTree = "<group>";
		};
		DB9113022AB69793009FD902 /* SpotlightNotesUITests */ = {
			isa = PBXGroup;
			children = (
				DB9113032AB69793009FD902 /* SpotlightNotesUITests.swift */,
				DB9113052AB69793009FD902 /* SpotlightNotesUITestsLaunchTests.swift */,
			);
			path = SpotlightNotesUITests;
			sourceTree = "<group>";
		};
/* End PBXGroup section */

/* Begin PBXNativeTarget section */
		DB9112E32AB69792009FD902 /* SpotlightNotes */ = {
			isa = PBXNativeTarget;
			buildConfigurationList = DB9113092AB69793009FD902 /* Build configuration list for PBXNativeTarget "SpotlightNotes" */;
			buildPhases = (
				DB9112E02AB69792009FD902 /* Sources */,
				DB9112E12AB69792009FD902 /* Frameworks */,
				DB9112E22AB69792009FD902 /* Resources */,
			);
			buildRules = (
			);
			dependencies = (
			);
			name = SpotlightNotes;
			packageProductDependencies = (
				DB9113152AB69FA6009FD902 /* KeyboardShortcuts */,
			);
			productName = SpotlightNotes;
			productReference = DB9112E42AB69792009FD902 /* SpotlightNotes.app */;
			productType = "com.apple.product-type.application";
		};
		DB9112F42AB69793009FD902 /* SpotlightNotesTests */ = {
			isa = PBXNativeTarget;
			buildConfigurationList = DB91130C2AB69793009FD902 /* Build configuration list for PBXNativeTarget "SpotlightNotesTests" */;
			buildPhases = (
				DB9112F12AB69793009FD902 /* Sources */,
				DB9112F22AB69793009FD902 /* Frameworks */,
				DB9112F32AB69793009FD902 /* Resources */,
			);
			buildRules = (
			);
			dependencies = (
				DB9112F72AB69793009FD902 /* PBXTargetDependency */,
			);
			name = SpotlightNotesTests;
			productName = SpotlightNotesTests;
			productReference = DB9112F52AB69793009FD902 /* SpotlightNotesTests.xctest */;
			productType = "com.apple.product-type.bundle.unit-test";
		};
		DB9112FE2AB69793009FD902 /* SpotlightNotesUITests */ = {
			isa = PBXNativeTarget;
			buildConfigurationList = DB91130F2AB69793009FD902 /* Build configuration list for PBXNativeTarget "SpotlightNotesUITests" */;
			buildPhases = (
				DB9112FB2AB69793009FD902 /* Sources */,
				DB9112FC2AB69793009FD902 /* Frameworks */,
				DB9112FD2AB69793009FD902 /* Resources */,
			);
			buildRules = (
			);
			dependencies = (
				DB9113012AB69793009FD902 /* PBXTargetDependency */,
			);
			name = SpotlightNotesUITests;
			productName = SpotlightNotesUITests;
			productReference = DB9112FF2AB69793009FD902 /* SpotlightNotesUITests.xctest */;
			productType = "com.apple.product-type.bundle.ui-testing";
		};
/* End PBXNativeTarget section */

/* Begin PBXProject section */
		DB9112DC2AB69792009FD902 /* Project object */ = {
			isa = PBXProject;
			attributes = {
				BuildIndependentTargetsInParallel = 1;
				LastSwiftUpdateCheck = 1500;
				LastUpgradeCheck = 1500;
				TargetAttributes = {
					DB9112E32AB69792009FD902 = {
						CreatedOnToolsVersion = 15.0;
					};
					DB9112F42AB69793009FD902 = {
						CreatedOnToolsVersion = 15.0;
						TestTargetID = DB9112E32AB69792009FD902;
					};
					DB9112FE2AB69793009FD902 = {
						CreatedOnToolsVersion = 15.0;
						TestTargetID = DB9112E32AB69792009FD902;
					};
				};
			};
			buildConfigurationList = DB9112DF2AB69792009FD902 /* Build configuration list for PBXProject "SpotlightNotes" */;
			compatibilityVersion = "Xcode 14.0";
			developmentRegion = en;
			hasScannedForEncodings = 0;
			knownRegions = (
				en,
				Base,
			);
			mainGroup = DB9112DB2AB69792009FD902;
			packageReferences = (
				DB9113142AB69FA6009FD902 /* XCRemoteSwiftPackageReference "KeyboardShortcuts" */,
			);
			productRefGroup = DB9112E52AB69792009FD902 /* Products */;
			projectDirPath = "";
			projectRoot = "";
			targets = (
				DB9112E32AB69792009FD902 /* SpotlightNotes */,
				DB9112F42AB69793009FD902 /* SpotlightNotesTests */,
				DB9112FE2AB69793009FD902 /* SpotlightNotesUITests */,
			);
		};
/* End PBXProject section */

/* Begin PBXResourcesBuildPhase section */
		DB9112E22AB69792009FD902 /* Resources */ = {
			isa = PBXResourcesBuildPhase;
			buildActionMask = 2147483647;
			files = (
				DB9112EC2AB69793009FD902 /* Assets.xcassets in Resources */,
			);
			runOnlyForDeploymentPostprocessing = 0;
		};
		DB9112F32AB69793009FD902 /* Resources */ = {
			isa = PBXResourcesBuildPhase;
			buildActionMask = 2147483647;
			files = (
			);
			runOnlyForDeploymentPostprocessing = 0;
		};
		DB9112FD2AB69793009FD902 /* Resources */ = {
			isa = PBXResourcesBuildPhase;
			buildActionMask = 2147483647;
			files = (
			);
			runOnlyForDeploymentPostprocessing = 0;
		};
/* End PBXResourcesBuildPhase section */

/* Begin PBXSourcesBuildPhase section */
		DB9112E02AB69792009FD902 /* Sources */ = {
			isa = PBXSourcesBuildPhase;
			buildActionMask = 2147483647;
			files = (
				DB9112EA2AB69792009FD902 /* ViewController.swift in Sources */,
				DB956AF42ABE895400AE4A25 /* NotesWindow.swift in Sources */,
				DB9112E82AB69792009FD902 /* AppDelegate.swift in Sources */,
				DB9113132AB69B29009FD902 /* main.swift in Sources */,
			);
			runOnlyForDeploymentPostprocessing = 0;
		};
		DB9112F12AB69793009FD902 /* Sources */ = {
			isa = PBXSourcesBuildPhase;
			buildActionMask = 2147483647;
			files = (
				DB9112FA2AB69793009FD902 /* SpotlightNotesTests.swift in Sources */,
			);
			runOnlyForDeploymentPostprocessing = 0;
		};
		DB9112FB2AB69793009FD902 /* Sources */ = {
			isa = PBXSourcesBuildPhase;
			buildActionMask = 2147483647;
			files = (
				DB9113042AB69793009FD902 /* SpotlightNotesUITests.swift in Sources */,
				DB9113062AB69793009FD902 /* SpotlightNotesUITestsLaunchTests.swift in Sources */,
			);
			runOnlyForDeploymentPostprocessing = 0;
		};
/* End PBXSourcesBuildPhase section */

/* Begin PBXTargetDependency section */
		DB9112F72AB69793009FD902 /* PBXTargetDependency */ = {
			isa = PBXTargetDependency;
			target = DB9112E32AB69792009FD902 /* SpotlightNotes */;
			targetProxy = DB9112F62AB69793009FD902 /* PBXContainerItemProxy */;
		};
		DB9113012AB69793009FD902 /* PBXTargetDependency */ = {
			isa = PBXTargetDependency;
			target = DB9112E32AB69792009FD902 /* SpotlightNotes */;
			targetProxy = DB9113002AB69793009FD902 /* PBXContainerItemProxy */;
		};
/* End PBXTargetDependency section */

/* Begin XCBuildConfiguration section */
		DB9113072AB69793009FD902 /* Debug */ = {
			isa = XCBuildConfiguration;
			buildSettings = {
				ALWAYS_SEARCH_USER_PATHS = NO;
				ASSETCATALOG_COMPILER_GENERATE_SWIFT_ASSET_SYMBOL_EXTENSIONS = YES;
				CLANG_ANALYZER_NONNULL = YES;
				CLANG_ANALYZER_NUMBER_OBJECT_CONVERSION = YES_AGGRESSIVE;
				CLANG_CXX_LANGUAGE_STANDARD = "gnu++20";
				CLANG_ENABLE_MODULES = YES;
				CLANG_ENABLE_OBJC_ARC = YES;
				CLANG_ENABLE_OBJC_WEAK = YES;
				CLANG_WARN_BLOCK_CAPTURE_AUTORELEASING = YES;
				CLANG_WARN_BOOL_CONVERSION = YES;
				CLANG_WARN_COMMA = YES;
				CLANG_WARN_CONSTANT_CONVERSION = YES;
				CLANG_WARN_DEPRECATED_OBJC_IMPLEMENTATIONS = YES;
				CLANG_WARN_DIRECT_OBJC_ISA_USAGE = YES_ERROR;
				CLANG_WARN_DOCUMENTATION_COMMENTS = YES;
				CLANG_WARN_EMPTY_BODY = YES;
				CLANG_WARN_ENUM_CONVERSION = YES;
				CLANG_WARN_INFINITE_RECURSION = YES;
				CLANG_WARN_INT_CONVERSION = YES;
				CLANG_WARN_NON_LITERAL_NULL_CONVERSION = YES;
				CLANG_WARN_OBJC_IMPLICIT_RETAIN_SELF = YES;
				CLANG_WARN_OBJC_LITERAL_CONVERSION = YES;
				CLANG_WARN_OBJC_ROOT_CLASS = YES_ERROR;
				CLANG_WARN_QUOTED_INCLUDE_IN_FRAMEWORK_HEADER = YES;
				CLANG_WARN_RANGE_LOOP_ANALYSIS = YES;
				CLANG_WARN_STRICT_PROTOTYPES = YES;
				CLANG_WARN_SUSPICIOUS_MOVE = YES;
				CLANG_WARN_UNGUARDED_AVAILABILITY = YES_AGGRESSIVE;
				CLANG_WARN_UNREACHABLE_CODE = YES;
				CLANG_WARN__DUPLICATE_METHOD_MATCH = YES;
				COPY_PHASE_STRIP = NO;
				DEBUG_INFORMATION_FORMAT = dwarf;
				ENABLE_STRICT_OBJC_MSGSEND = YES;
				ENABLE_TESTABILITY = YES;
				ENABLE_USER_SCRIPT_SANDBOXING = YES;
				GCC_C_LANGUAGE_STANDARD = gnu17;
				GCC_DYNAMIC_NO_PIC = NO;
				GCC_NO_COMMON_BLOCKS = YES;
				GCC_OPTIMIZATION_LEVEL = 0;
				GCC_PREPROCESSOR_DEFINITIONS = (
					"DEBUG=1",
					"$(inherited)",
				);
				GCC_WARN_64_TO_32_BIT_CONVERSION = YES;
				GCC_WARN_ABOUT_RETURN_TYPE = YES_ERROR;
				GCC_WARN_UNDECLARED_SELECTOR = YES;
				GCC_WARN_UNINITIALIZED_AUTOS = YES_AGGRESSIVE;
				GCC_WARN_UNUSED_FUNCTION = YES;
				GCC_WARN_UNUSED_VARIABLE = YES;
				LOCALIZATION_PREFERS_STRING_CATALOGS = YES;
				MACOSX_DEPLOYMENT_TARGET = 13.5;
				MTL_ENABLE_DEBUG_INFO = INCLUDE_SOURCE;
				MTL_FAST_MATH = YES;
				ONLY_ACTIVE_ARCH = YES;
				SDKROOT = macosx;
				SWIFT_ACTIVE_COMPILATION_CONDITIONS = "DEBUG $(inherited)";
				SWIFT_OPTIMIZATION_LEVEL = "-Onone";
			};
			name = Debug;
		};
		DB9113082AB69793009FD902 /* Release */ = {
			isa = XCBuildConfiguration;
			buildSettings = {
				ALWAYS_SEARCH_USER_PATHS = NO;
				ASSETCATALOG_COMPILER_GENERATE_SWIFT_ASSET_SYMBOL_EXTENSIONS = YES;
				CLANG_ANALYZER_NONNULL = YES;
				CLANG_ANALYZER_NUMBER_OBJECT_CONVERSION = YES_AGGRESSIVE;
				CLANG_CXX_LANGUAGE_STANDARD = "gnu++20";
				CLANG_ENABLE_MODULES = YES;
				CLANG_ENABLE_OBJC_ARC = YES;
				CLANG_ENABLE_OBJC_WEAK = YES;
				CLANG_WARN_BLOCK_CAPTURE_AUTORELEASING = YES;
				CLANG_WARN_BOOL_CONVERSION = YES;
				CLANG_WARN_COMMA = YES;
				CLANG_WARN_CONSTANT_CONVERSION = YES;
				CLANG_WARN_DEPRECATED_OBJC_IMPLEMENTATIONS = YES;
				CLANG_WARN_DIRECT_OBJC_ISA_USAGE = YES_ERROR;
				CLANG_WARN_DOCUMENTATION_COMMENTS = YES;
				CLANG_WARN_EMPTY_BODY = YES;
				CLANG_WARN_ENUM_CONVERSION = YES;
				CLANG_WARN_INFINITE_RECURSION = YES;
				CLANG_WARN_INT_CONVERSION = YES;
				CLANG_WARN_NON_LITERAL_NULL_CONVERSION = YES;
				CLANG_WARN_OBJC_IMPLICIT_RETAIN_SELF = YES;
				CLANG_WARN_OBJC_LITERAL_CONVERSION = YES;
				CLANG_WARN_OBJC_ROOT_CLASS = YES_ERROR;
				CLANG_WARN_QUOTED_INCLUDE_IN_FRAMEWORK_HEADER = YES;
				CLANG_WARN_RANGE_LOOP_ANALYSIS = YES;
				CLANG_WARN_STRICT_PROTOTYPES = YES;
				CLANG_WARN_SUSPICIOUS_MOVE = YES;
				CLANG_WARN_UNGUARDED_AVAILABILITY = YES_AGGRESSIVE;
				CLANG_WARN_UNREACHABLE_CODE = YES;
				CLANG_WARN__DUPLICATE_METHOD_MATCH = YES;
				COPY_PHASE_STRIP = NO;
				DEBUG_INFORMATION_FORMAT = "dwarf-with-dsym";
				ENABLE_NS_ASSERTIONS = NO;
				ENABLE_STRICT_OBJC_MSGSEND = YES;
				ENABLE_USER_SCRIPT_SANDBOXING = YES;
				GCC_C_LANGUAGE_STANDARD = gnu17;
				GCC_NO_COMMON_BLOCKS = YES;
				GCC_WARN_64_TO_32_BIT_CONVERSION = YES;
				GCC_WARN_ABOUT_RETURN_TYPE = YES_ERROR;
				GCC_WARN_UNDECLARED_SELECTOR = YES;
				GCC_WARN_UNINITIALIZED_AUTOS = YES_AGGRESSIVE;
				GCC_WARN_UNUSED_FUNCTION = YES;
				GCC_WARN_UNUSED_VARIABLE = YES;
				LOCALIZATION_PREFERS_STRING_CATALOGS = YES;
				MACOSX_DEPLOYMENT_TARGET = 13.5;
				MTL_ENABLE_DEBUG_INFO = NO;
				MTL_FAST_MATH = YES;
				SDKROOT = macosx;
				SWIFT_COMPILATION_MODE = wholemodule;
			};
			name = Release;
		};
		DB91130A2AB69793009FD902 /* Debug */ = {
			isa = XCBuildConfiguration;
			buildSettings = {
				ASSETCATALOG_COMPILER_APPICON_NAME = AppIcon;
				ASSETCATALOG_COMPILER_GLOBAL_ACCENT_COLOR_NAME = AccentColor;
				CODE_SIGN_ENTITLEMENTS = SpotlightNotes/SpotlightNotes.entitlements;
				CODE_SIGN_STYLE = Automatic;
				COMBINE_HIDPI_IMAGES = YES;
				CURRENT_PROJECT_VERSION = 1;
				DEVELOPMENT_TEAM = PYD876RQT2;
				ENABLE_HARDENED_RUNTIME = YES;
				GENERATE_INFOPLIST_FILE = YES;
				INFOPLIST_KEY_LSUIElement = YES;
				INFOPLIST_KEY_NSHumanReadableCopyright = "";
				INFOPLIST_KEY_NSPrincipalClass = NSApplication;
				LD_RUNPATH_SEARCH_PATHS = (
					"$(inherited)",
					"@executable_path/../Frameworks",
				);
				MACOSX_DEPLOYMENT_TARGET = 10.15;
				MARKETING_VERSION = 1.0;
				PRODUCT_BUNDLE_IDENTIFIER = com.levizitting.SpotlightNotes;
				PRODUCT_NAME = "$(TARGET_NAME)";
				SWIFT_EMIT_LOC_STRINGS = YES;
				SWIFT_VERSION = 5.0;
			};
			name = Debug;
		};
		DB91130B2AB69793009FD902 /* Release */ = {
			isa = XCBuildConfiguration;
			buildSettings = {
				ASSETCATALOG_COMPILER_APPICON_NAME = AppIcon;
				ASSETCATALOG_COMPILER_GLOBAL_ACCENT_COLOR_NAME = AccentColor;
				CODE_SIGN_ENTITLEMENTS = SpotlightNotes/SpotlightNotes.entitlements;
				CODE_SIGN_STYLE = Automatic;
				COMBINE_HIDPI_IMAGES = YES;
				CURRENT_PROJECT_VERSION = 1;
				DEVELOPMENT_TEAM = PYD876RQT2;
				ENABLE_HARDENED_RUNTIME = YES;
				GENERATE_INFOPLIST_FILE = YES;
				INFOPLIST_KEY_LSUIElement = YES;
				INFOPLIST_KEY_NSHumanReadableCopyright = "";
				INFOPLIST_KEY_NSPrincipalClass = NSApplication;
				LD_RUNPATH_SEARCH_PATHS = (
					"$(inherited)",
					"@executable_path/../Frameworks",
				);
				MACOSX_DEPLOYMENT_TARGET = 10.15;
				MARKETING_VERSION = 1.0;
				PRODUCT_BUNDLE_IDENTIFIER = com.levizitting.SpotlightNotes;
				PRODUCT_NAME = "$(TARGET_NAME)";
				SWIFT_EMIT_LOC_STRINGS = YES;
				SWIFT_VERSION = 5.0;
			};
			name = Release;
		};
		DB91130D2AB69793009FD902 /* Debug */ = {
			isa = XCBuildConfiguration;
			buildSettings = {
				ALWAYS_EMBED_SWIFT_STANDARD_LIBRARIES = YES;
				BUNDLE_LOADER = "$(TEST_HOST)";
				CODE_SIGN_STYLE = Automatic;
				CURRENT_PROJECT_VERSION = 1;
				DEVELOPMENT_TEAM = PYD876RQT2;
				GENERATE_INFOPLIST_FILE = YES;
				MACOSX_DEPLOYMENT_TARGET = 13.5;
				MARKETING_VERSION = 1.0;
				PRODUCT_BUNDLE_IDENTIFIER = com.levizitting.SpotlightNotesTests;
				PRODUCT_NAME = "$(TARGET_NAME)";
				SWIFT_EMIT_LOC_STRINGS = NO;
				SWIFT_VERSION = 5.0;
				TEST_HOST = "$(BUILT_PRODUCTS_DIR)/SpotlightNotes.app/$(BUNDLE_EXECUTABLE_FOLDER_PATH)/SpotlightNotes";
			};
			name = Debug;
		};
		DB91130E2AB69793009FD902 /* Release */ = {
			isa = XCBuildConfiguration;
			buildSettings = {
				ALWAYS_EMBED_SWIFT_STANDARD_LIBRARIES = YES;
				BUNDLE_LOADER = "$(TEST_HOST)";
				CODE_SIGN_STYLE = Automatic;
				CURRENT_PROJECT_VERSION = 1;
				DEVELOPMENT_TEAM = PYD876RQT2;
				GENERATE_INFOPLIST_FILE = YES;
				MACOSX_DEPLOYMENT_TARGET = 13.5;
				MARKETING_VERSION = 1.0;
				PRODUCT_BUNDLE_IDENTIFIER = com.levizitting.SpotlightNotesTests;
				PRODUCT_NAME = "$(TARGET_NAME)";
				SWIFT_EMIT_LOC_STRINGS = NO;
				SWIFT_VERSION = 5.0;
				TEST_HOST = "$(BUILT_PRODUCTS_DIR)/SpotlightNotes.app/$(BUNDLE_EXECUTABLE_FOLDER_PATH)/SpotlightNotes";
			};
			name = Release;
		};
		DB9113102AB69793009FD902 /* Debug */ = {
			isa = XCBuildConfiguration;
			buildSettings = {
				ALWAYS_EMBED_SWIFT_STANDARD_LIBRARIES = YES;
				CODE_SIGN_STYLE = Automatic;
				CURRENT_PROJECT_VERSION = 1;
				DEVELOPMENT_TEAM = PYD876RQT2;
				GENERATE_INFOPLIST_FILE = YES;
				MARKETING_VERSION = 1.0;
				PRODUCT_BUNDLE_IDENTIFIER = com.levizitting.SpotlightNotesUITests;
				PRODUCT_NAME = "$(TARGET_NAME)";
				SWIFT_EMIT_LOC_STRINGS = NO;
				SWIFT_VERSION = 5.0;
				TEST_TARGET_NAME = SpotlightNotes;
			};
			name = Debug;
		};
		DB9113112AB69793009FD902 /* Release */ = {
			isa = XCBuildConfiguration;
			buildSettings = {
				ALWAYS_EMBED_SWIFT_STANDARD_LIBRARIES = YES;
				CODE_SIGN_STYLE = Automatic;
				CURRENT_PROJECT_VERSION = 1;
				DEVELOPMENT_TEAM = PYD876RQT2;
				GENERATE_INFOPLIST_FILE = YES;
				MARKETING_VERSION = 1.0;
				PRODUCT_BUNDLE_IDENTIFIER = com.levizitting.SpotlightNotesUITests;
				PRODUCT_NAME = "$(TARGET_NAME)";
				SWIFT_EMIT_LOC_STRINGS = NO;
				SWIFT_VERSION = 5.0;
				TEST_TARGET_NAME = SpotlightNotes;
			};
			name = Release;
		};
/* End XCBuildConfiguration section */

/* Begin XCConfigurationList section */
		DB9112DF2AB69792009FD902 /* Build configuration list for PBXProject "SpotlightNotes" */ = {
			isa = XCConfigurationList;
			buildConfigurations = (
				DB9113072AB69793009FD902 /* Debug */,
				DB9113082AB69793009FD902 /* Release */,
			);
			defaultConfigurationIsVisible = 0;
			defaultConfigurationName = Release;
		};
		DB9113092AB69793009FD902 /* Build configuration list for PBXNativeTarget "SpotlightNotes" */ = {
			isa = XCConfigurationList;
			buildConfigurations = (
				DB91130A2AB69793009FD902 /* Debug */,
				DB91130B2AB69793009FD902 /* Release */,
			);
			defaultConfigurationIsVisible = 0;
			defaultConfigurationName = Release;
		};
		DB91130C2AB69793009FD902 /* Build configuration list for PBXNativeTarget "SpotlightNotesTests" */ = {
			isa = XCConfigurationList;
			buildConfigurations = (
				DB91130D2AB69793009FD902 /* Debug */,
				DB91130E2AB69793009FD902 /* Release */,
			);
			defaultConfigurationIsVisible = 0;
			defaultConfigurationName = Release;
		};
		DB91130F2AB69793009FD902 /* Build configuration list for PBXNativeTarget "SpotlightNotesUITests" */ = {
			isa = XCConfigurationList;
			buildConfigurations = (
				DB9113102AB69793009FD902 /* Debug */,
				DB9113112AB69793009FD902 /* Release */,
			);
			defaultConfigurationIsVisible = 0;
			defaultConfigurationName = Release;
		};
/* End XCConfigurationList section */

/* Begin XCRemoteSwiftPackageReference section */
		DB9113142AB69FA6009FD902 /* XCRemoteSwiftPackageReference "KeyboardShortcuts" */ = {
			isa = XCRemoteSwiftPackageReference;
			repositoryURL = "https://github.com/sindresorhus/KeyboardShortcuts";
			requirement = {
				kind = exactVersion;
				version = 1.14.1;
			};
		};
/* End XCRemoteSwiftPackageReference section */

/* Begin XCSwiftPackageProductDependency section */
		DB9113152AB69FA6009FD902 /* KeyboardShortcuts */ = {
			isa = XCSwiftPackageProductDependency;
			package = DB9113142AB69FA6009FD902 /* XCRemoteSwiftPackageReference "KeyboardShortcuts" */;
			productName = KeyboardShortcuts;
		};
/* End XCSwiftPackageProductDependency section */
	};
	rootObject = DB9112DC2AB69792009FD902 /* Project object */;
}
